
Microsoft Visual Studio Solution File, Format Version 12.00
# Visual Studio Version 17
VisualStudioVersion = 17.10.35013.160
MinimumVisualStudioVersion = 10.0.40219.1
Project("{FAE04EC0-301F-11D3-BF4B-00C04F79EFBC}") = "HealthcareAIConsole", "HealthcareAIConsole\HealthcareAIConsole.csproj", "{13712A1A-37F4-458E-96F7-14AC6127BD9E}"
EndProject
Global
	GlobalSection(SolutionConfigurationPlatforms) = preSolution
		Debug|Any CPU = Debug|Any CPU
		Release|Any CPU = Release|Any CPU
	EndGlobalSection
	GlobalSection(ProjectConfigurationPlatforms) = postSolution
		{13712A1A-37F4-458E-96F7-14AC6127BD9E}.Debug|Any CPU.ActiveCfg = Debug|Any CPU
		{13712A1A-37F4-458E-96F7-14AC6127BD9E}.Debug|Any CPU.Build.0 = Debug|Any CPU
		{13712A1A-37F4-458E-96F7-14AC6127BD9E}.Release|Any CPU.ActiveCfg = Release|Any CPU
		{13712A1A-37F4-458E-96F7-14AC6127BD9E}.Release|Any CPU.Build.0 = Release|Any CPU
	EndGlobalSection
	GlobalSection(SolutionProperties) = preSolution
		HideSolutionNode = FALSE
	EndGlobalSection
	GlobalSection(ExtensibilityGlobals) = postSolution
		SolutionGuid = {FCADEBB3-B6EA-404B-8B1C-858DB4C4E4B2}
	EndGlobalSection
EndGlobal
